# This file is automatically @generated by Cargo.
# It is not intended for manual editing.
version = 4

[[package]]
name = "kv-net"
version = "0.1.0"

[[package]]
name = "kv-raft"
version = "0.1.0"

[[package]]
name = "kv-router"
version = "0.1.0"

[[package]]
name = "kv-server"
version = "0.1.0"

[[package]]
name = "kv-storage"
version = "0.1.0"

[[package]]
name = "kv-types"
version = "0.1.0"

[[package]]
name = "kv_hello"
version = "0.1.0"

[[package]]
name = "kvctl"
version = "0.1.0"
dependencies = [
 "kv-storage",
]
